
Microsoft Visual Studio Solution File, Format Version 12.00
# Visual Studio Version 17
VisualStudioVersion = 17.0.31903.59
MinimumVisualStudioVersion = 10.0.40219.1
Project("{2150E333-8FDC-42A3-9474-1A3956D46DE8}") = "src", "src", "{E78AE8F9-EB49-483E-B403-BB66B8B46A98}"
EndProject
Project("{2150E333-8FDC-42A3-9474-1A3956D46DE8}") = "tests", "tests", "{177EF086-F5E5-4978-9538-5F5C2E8369F5}"
EndProject
Project("{FAE04EC0-301F-11D3-BF4B-00C04F79EFBC}") = "Hoshi.Core", "src\Hoshi.Core\Hoshi.Core.csproj", "{3B94ADC9-2EB3-4D98-B125-CA4400C665D4}"
EndProject
Project("{FAE04EC0-301F-11D3-BF4B-00C04F79EFBC}") = "Hoshi.Sgf", "src\Hoshi.Sgf\Hoshi.Sgf.csproj", "{50013851-7004-4805-B4AC-B359B8EFA84B}"
EndProject
Project("{FAE04EC0-301F-11D3-BF4B-00C04F79EFBC}") = "Hoshi.Ogs", "src\Hoshi.Ogs\Hoshi.Ogs.csproj", "{03D55472-CE51-44A8-B60C-85D41784AC0F}"
EndProject
Project("{FAE04EC0-301F-11D3-BF4B-00C04F79EFBC}") = "Hoshi.Engines", "src\Hoshi.Engines\Hoshi.Engines.csproj", "{E943C339-76B3-46E8-8DF4-763E54314892}"
EndProject
Project("{FAE04EC0-301F-11D3-BF4B-00C04F79EFBC}") = "Hoshi.App", "src\Hoshi.App\Hoshi.App.csproj", "{3A08A548-0367-43C5-A229-97E96715600C}"
EndProject
Project("{FAE04EC0-301F-11D3-BF4B-00C04F79EFBC}") = "Hoshi.Core.Tests", "tests\Hoshi.Core.Tests\Hoshi.Core.Tests.csproj", "{0E7378FF-AE0C-44AC-B02C-C397D3DBED84}"
EndProject
Project("{FAE04EC0-301F-11D3-BF4B-00C04F79EFBC}") = "Hoshi.Sgf.Tests", "tests\Hoshi.Sgf.Tests\Hoshi.Sgf.Tests.csproj", "{9E828BBA-6019-4ECF-8B11-8E2F5C55A046}"
EndProject
Project("{FAE04EC0-301F-11D3-BF4B-00C04F79EFBC}") = "Hoshi.Ogs.Tests", "tests\Hoshi.Ogs.Tests\Hoshi.Ogs.Tests.csproj", "{390454D5-53CD-49E3-BD70-BD79D681BF63}"
EndProject
Project("{FAE04EC0-301F-11D3-BF4B-00C04F79EFBC}") = "Hoshi.App.Tests", "tests\Hoshi.App.Tests\Hoshi.App.Tests.csproj", "{A9F200CA-0A62-4D8C-A6C8-3CAD25022757}"
EndProject
Project("{FAE04EC0-301F-11D3-BF4B-00C04F79EFBC}") = "Hoshi.Engines.Tests", "tests\Hoshi.Engines.Tests\Hoshi.Engines.Tests.csproj", "{6770D3E3-AB22-45DD-B241-2BE7F3AA3007}"
EndProject
Global
	GlobalSection(SolutionConfigurationPlatforms) = preSolution
		Debug|Any CPU = Debug|Any CPU
		Debug|x64 = Debug|x64
		Debug|x86 = Debug|x86
		Release|Any CPU = Release|Any CPU
		Release|x64 = Release|x64
		Release|x86 = Release|x86
	EndGlobalSection
	GlobalSection(ProjectConfigurationPlatforms) = postSolution
		{3B94ADC9-2EB3-4D98-B125-CA4400C665D4}.Debug|Any CPU.ActiveCfg = Debug|Any CPU
		{3B94ADC9-2EB3-4D98-B125-CA4400C665D4}.Debug|Any CPU.Build.0 = Debug|Any CPU
		{3B94ADC9-2EB3-4D98-B125-CA4400C665D4}.Debug|x64.ActiveCfg = Debug|Any CPU
		{3B94ADC9-2EB3-4D98-B125-CA4400C665D4}.Debug|x64.Build.0 = Debug|Any CPU
		{3B94ADC9-2EB3-4D98-B125-CA4400C665D4}.Debug|x86.ActiveCfg = Debug|Any CPU
		{3B94ADC9-2EB3-4D98-B125-CA4400C665D4}.Debug|x86.Build.0 = Debug|Any CPU
		{3B94ADC9-2EB3-4D98-B125-CA4400C665D4}.Release|Any CPU.ActiveCfg = Release|Any CPU
		{3B94ADC9-2EB3-4D98-B125-CA4400C665D4}.Release|Any CPU.Build.0 = Release|Any CPU
		{3B94ADC9-2EB3-4D98-B125-CA4400C665D4}.Release|x64.ActiveCfg = Release|Any CPU
		{3B94ADC9-2EB3-4D98-B125-CA4400C665D4}.Release|x64.Build.0 = Release|Any CPU
		{3B94ADC9-2EB3-4D98-B125-CA4400C665D4}.Release|x86.ActiveCfg = Release|Any CPU
		{3B94ADC9-2EB3-4D98-B125-CA4400C665D4}.Release|x86.Build.0 = Release|Any CPU
		{50013851-7004-4805-B4AC-B359B8EFA84B}.Debug|Any CPU.ActiveCfg = Debug|Any CPU
		{50013851-7004-4805-B4AC-B359B8EFA84B}.Debug|Any CPU.Build.0 = Debug|Any CPU
		{50013851-7004-4805-B4AC-B359B8EFA84B}.Debug|x64.ActiveCfg = Debug|Any CPU
		{50013851-7004-4805-B4AC-B359B8EFA84B}.Debug|x64.Build.0 = Debug|Any CPU
		{50013851-7004-4805-B4AC-B359B8EFA84B}.Debug|x86.ActiveCfg = Debug|Any CPU
		{50013851-7004-4805-B4AC-B359B8EFA84B}.Debug|x86.Build.0 = Debug|Any CPU
		{50013851-7004-4805-B4AC-B359B8EFA84B}.Release|Any CPU.ActiveCfg = Release|Any CPU
		{50013851-7004-4805-B4AC-B359B8EFA84B}.Release|Any CPU.Build.0 = Release|Any CPU
		{50013851-7004-4805-B4AC-B359B8EFA84B}.Release|x64.ActiveCfg = Release|Any CPU
		{50013851-7004-4805-B4AC-B359B8EFA84B}.Release|x64.Build.0 = Release|Any CPU
		{50013851-7004-4805-B4AC-B359B8EFA84B}.Release|x86.ActiveCfg = Release|Any CPU
		{50013851-7004-4805-B4AC-B359B8EFA84B}.Release|x86.Build.0 = Release|Any CPU
		{03D55472-CE51-44A8-B60C-85D41784AC0F}.Debug|Any CPU.ActiveCfg = Debug|Any CPU
		{03D55472-CE51-44A8-B60C-85D41784AC0F}.Debug|Any CPU.Build.0 = Debug|Any CPU
		{03D55472-CE51-44A8-B60C-85D41784AC0F}.Debug|x64.ActiveCfg = Debug|Any CPU
		{03D55472-CE51-44A8-B60C-85D41784AC0F}.Debug|x64.Build.0 = Debug|Any CPU
		{03D55472-CE51-44A8-B60C-85D41784AC0F}.Debug|x86.ActiveCfg = Debug|Any CPU
		{03D55472-CE51-44A8-B60C-85D41784AC0F}.Debug|x86.Build.0 = Debug|Any CPU
		{03D55472-CE51-44A8-B60C-85D41784AC0F}.Release|Any CPU.ActiveCfg = Release|Any CPU
		{03D55472-CE51-44A8-B60C-85D41784AC0F}.Release|Any CPU.Build.0 = Release|Any CPU
		{03D55472-CE51-44A8-B60C-85D41784AC0F}.Release|x64.ActiveCfg = Release|Any CPU
		{03D55472-CE51-44A8-B60C-85D41784AC0F}.Release|x64.Build.0 = Release|Any CPU
		{03D55472-CE51-44A8-B60C-85D41784AC0F}.Release|x86.ActiveCfg = Release|Any CPU
		{03D55472-CE51-44A8-B60C-85D41784AC0F}.Release|x86.Build.0 = Release|Any CPU
		{E943C339-76B3-46E8-8DF4-763E54314892}.Debug|Any CPU.ActiveCfg = Debug|Any CPU
		{E943C339-76B3-46E8-8DF4-763E54314892}.Debug|Any CPU.Build.0 = Debug|Any CPU
		{E943C339-76B3-46E8-8DF4-763E54314892}.Debug|x64.ActiveCfg = Debug|Any CPU
		{E943C339-76B3-46E8-8DF4-763E54314892}.Debug|x64.Build.0 = Debug|Any CPU
		{E943C339-76B3-46E8-8DF4-763E54314892}.Debug|x86.ActiveCfg = Debug|Any CPU
		{E943C339-76B3-46E8-8DF4-763E54314892}.Debug|x86.Build.0 = Debug|Any CPU
		{E943C339-76B3-46E8-8DF4-763E54314892}.Release|Any CPU.ActiveCfg = Release|Any CPU
		{E943C339-76B3-46E8-8DF4-763E54314892}.Release|Any CPU.Build.0 = Release|Any CPU
		{E943C339-76B3-46E8-8DF4-763E54314892}.Release|x64.ActiveCfg = Release|Any CPU
		{E943C339-76B3-46E8-8DF4-763E54314892}.Release|x64.Build.0 = Release|Any CPU
		{E943C339-76B3-46E8-8DF4-763E54314892}.Release|x86.ActiveCfg = Release|Any CPU
		{E943C339-76B3-46E8-8DF4-763E54314892}.Release|x86.Build.0 = Release|Any CPU
		{3A08A548-0367-43C5-A229-97E96715600C}.Debug|Any CPU.ActiveCfg = Debug|Any CPU
		{3A08A548-0367-43C5-A229-97E96715600C}.Debug|Any CPU.Build.0 = Debug|Any CPU
		{3A08A548-0367-43C5-A229-97E96715600C}.Debug|x64.ActiveCfg = Debug|Any CPU
		{3A08A548-0367-43C5-A229-97E96715600C}.Debug|x64.Build.0 = Debug|Any CPU
		{3A08A548-0367-43C5-A229-97E96715600C}.Debug|x86.ActiveCfg = Debug|Any CPU
		{3A08A548-0367-43C5-A229-97E96715600C}.Debug|x86.Build.0 = Debug|Any CPU
		{3A08A548-0367-43C5-A229-97E96715600C}.Release|Any CPU.ActiveCfg = Release|Any CPU
		{3A08A548-0367-43C5-A229-97E96715600C}.Release|Any CPU.Build.0 = Release|Any CPU
		{3A08A548-0367-43C5-A229-97E96715600C}.Release|x64.ActiveCfg = Release|Any CPU
		{3A08A548-0367-43C5-A229-97E96715600C}.Release|x64.Build.0 = Release|Any CPU
		{3A08A548-0367-43C5-A229-97E96715600C}.Release|x86.ActiveCfg = Release|Any CPU
		{3A08A548-0367-43C5-A229-97E96715600C}.Release|x86.Build.0 = Release|Any CPU
		{0E7378FF-AE0C-44AC-B02C-C397D3DBED84}.Debug|Any CPU.ActiveCfg = Debug|Any CPU
		{0E7378FF-AE0C-44AC-B02C-C397D3DBED84}.Debug|Any CPU.Build.0 = Debug|Any CPU
		{0E7378FF-AE0C-44AC-B02C-C397D3DBED84}.Debug|x64.ActiveCfg = Debug|Any CPU
		{0E7378FF-AE0C-44AC-B02C-C397D3DBED84}.Debug|x64.Build.0 = Debug|Any CPU
		{0E7378FF-AE0C-44AC-B02C-C397D3DBED84}.Debug|x86.ActiveCfg = Debug|Any CPU
		{0E7378FF-AE0C-44AC-B02C-C397D3DBED84}.Debug|x86.Build.0 = Debug|Any CPU
		{0E7378FF-AE0C-44AC-B02C-C397D3DBED84}.Release|Any CPU.ActiveCfg = Release|Any CPU
		{0E7378FF-AE0C-44AC-B02C-C397D3DBED84}.Release|Any CPU.Build.0 = Release|Any CPU
		{0E7378FF-AE0C-44AC-B02C-C397D3DBED84}.Release|x64.ActiveCfg = Release|Any CPU
		{0E7378FF-AE0C-44AC-B02C-C397D3DBED84}.Release|x64.Build.0 = Release|Any CPU
		{0E7378FF-AE0C-44AC-B02C-C397D3DBED84}.Release|x86.ActiveCfg = Release|Any CPU
		{0E7378FF-AE0C-44AC-B02C-C397D3DBED84}.Release|x86.Build.0 = Release|Any CPU
		{9E828BBA-6019-4ECF-8B11-8E2F5C55A046}.Debug|Any CPU.ActiveCfg = Debug|Any CPU
		{9E828BBA-6019-4ECF-8B11-8E2F5C55A046}.Debug|Any CPU.Build.0 = Debug|Any CPU
		{9E828BBA-6019-4ECF-8B11-8E2F5C55A046}.Debug|x64.ActiveCfg = Debug|Any CPU
		{9E828BBA-6019-4ECF-8B11-8E2F5C55A046}.Debug|x64.Build.0 = Debug|Any CPU
		{9E828BBA-6019-4ECF-8B11-8E2F5C55A046}.Debug|x86.ActiveCfg = Debug|Any CPU
		{9E828BBA-6019-4ECF-8B11-8E2F5C55A046}.Debug|x86.Build.0 = Debug|Any CPU
		{9E828BBA-6019-4ECF-8B11-8E2F5C55A046}.Release|Any CPU.ActiveCfg = Release|Any CPU
		{9E828BBA-6019-4ECF-8B11-8E2F5C55A046}.Release|Any CPU.Build.0 = Release|Any CPU
		{9E828BBA-6019-4ECF-8B11-8E2F5C55A046}.Release|x64.ActiveCfg = Release|Any CPU
		{9E828BBA-6019-4ECF-8B11-8E2F5C55A046}.Release|x64.Build.0 = Release|Any CPU
		{9E828BBA-6019-4ECF-8B11-8E2F5C55A046}.Release|x86.ActiveCfg = Release|Any CPU
		{9E828BBA-6019-4ECF-8B11-8E2F5C55A046}.Release|x86.Build.0 = Release|Any CPU
		{390454D5-53CD-49E3-BD70-BD79D681BF63}.Debug|Any CPU.ActiveCfg = Debug|Any CPU
		{390454D5-53CD-49E3-BD70-BD79D681BF63}.Debug|Any CPU.Build.0 = Debug|Any CPU
		{390454D5-53CD-49E3-BD70-BD79D681BF63}.Debug|x64.ActiveCfg = Debug|Any CPU
		{390454D5-53CD-49E3-BD70-BD79D681BF63}.Debug|x64.Build.0 = Debug|Any CPU
		{390454D5-53CD-49E3-BD70-BD79D681BF63}.Debug|x86.ActiveCfg = Debug|Any CPU
		{390454D5-53CD-49E3-BD70-BD79D681BF63}.Debug|x86.Build.0 = Debug|Any CPU
		{390454D5-53CD-49E3-BD70-BD79D681BF63}.Release|Any CPU.ActiveCfg = Release|Any CPU
		{390454D5-53CD-49E3-BD70-BD79D681BF63}.Release|Any CPU.Build.0 = Release|Any CPU
		{390454D5-53CD-49E3-BD70-BD79D681BF63}.Release|x64.ActiveCfg = Release|Any CPU
		{390454D5-53CD-49E3-BD70-BD79D681BF63}.Release|x64.Build.0 = Release|Any CPU
		{390454D5-53CD-49E3-BD70-BD79D681BF63}.Release|x86.ActiveCfg = Release|Any CPU
		{390454D5-53CD-49E3-BD70-BD79D681BF63}.Release|x86.Build.0 = Release|Any CPU
		{A9F200CA-0A62-4D8C-A6C8-3CAD25022757}.Debug|Any CPU.ActiveCfg = Debug|Any CPU
		{A9F200CA-0A62-4D8C-A6C8-3CAD25022757}.Debug|Any CPU.Build.0 = Debug|Any CPU
		{A9F200CA-0A62-4D8C-A6C8-3CAD25022757}.Debug|x64.ActiveCfg = Debug|Any CPU
		{A9F200CA-0A62-4D8C-A6C8-3CAD25022757}.Debug|x64.Build.0 = Debug|Any CPU
		{A9F200CA-0A62-4D8C-A6C8-3CAD25022757}.Debug|x86.ActiveCfg = Debug|Any CPU
		{A9F200CA-0A62-4D8C-A6C8-3CAD25022757}.Debug|x86.Build.0 = Debug|Any CPU
		{A9F200CA-0A62-4D8C-A6C8-3CAD25022757}.Release|Any CPU.ActiveCfg = Release|Any CPU
		{A9F200CA-0A62-4D8C-A6C8-3CAD25022757}.Release|Any CPU.Build.0 = Release|Any CPU
		{A9F200CA-0A62-4D8C-A6C8-3CAD25022757}.Release|x64.ActiveCfg = Release|Any CPU
		{A9F200CA-0A62-4D8C-A6C8-3CAD25022757}.Release|x64.Build.0 = Release|Any CPU
		{A9F200CA-0A62-4D8C-A6C8-3CAD25022757}.Release|x86.ActiveCfg = Release|Any CPU
		{A9F200CA-0A62-4D8C-A6C8-3CAD25022757}.Release|x86.Build.0 = Release|Any CPU
		{6770D3E3-AB22-45DD-B241-2BE7F3AA3007}.Debug|Any CPU.ActiveCfg = Debug|Any CPU
		{6770D3E3-AB22-45DD-B241-2BE7F3AA3007}.Debug|Any CPU.Build.0 = Debug|Any CPU
		{6770D3E3-AB22-45DD-B241-2BE7F3AA3007}.Debug|x64.ActiveCfg = Debug|Any CPU
		{6770D3E3-AB22-45DD-B241-2BE7F3AA3007}.Debug|x64.Build.0 = Debug|Any CPU
		{6770D3E3-AB22-45DD-B241-2BE7F3AA3007}.Debug|x86.ActiveCfg = Debug|Any CPU
		{6770D3E3-AB22-45DD-B241-2BE7F3AA3007}.Debug|x86.Build.0 = Debug|Any CPU
		{6770D3E3-AB22-45DD-B241-2BE7F3AA3007}.Release|Any CPU.ActiveCfg = Release|Any CPU
		{6770D3E3-AB22-45DD-B241-2BE7F3AA3007}.Release|Any CPU.Build.0 = Release|Any CPU
		{6770D3E3-AB22-45DD-B241-2BE7F3AA3007}.Release|x64.ActiveCfg = Release|Any CPU
		{6770D3E3-AB22-45DD-B241-2BE7F3AA3007}.Release|x64.Build.0 = Release|Any CPU
		{6770D3E3-AB22-45DD-B241-2BE7F3AA3007}.Release|x86.ActiveCfg = Release|Any CPU
		{6770D3E3-AB22-45DD-B241-2BE7F3AA3007}.Release|x86.Build.0 = Release|Any CPU
	EndGlobalSection
	GlobalSection(SolutionProperties) = preSolution
		HideSolutionNode = FALSE
	EndGlobalSection
	GlobalSection(NestedProjects) = preSolution
		{3B94ADC9-2EB3-4D98-B125-CA4400C665D4} = {E78AE8F9-EB49-483E-B403-BB66B8B46A98}
		{50013851-7004-4805-B4AC-B359B8EFA84B} = {E78AE8F9-EB49-483E-B403-BB66B8B46A98}
		{03D55472-CE51-44A8-B60C-85D41784AC0F} = {E78AE8F9-EB49-483E-B403-BB66B8B46A98}
		{E943C339-76B3-46E8-8DF4-763E54314892} = {E78AE8F9-EB49-483E-B403-BB66B8B46A98}
		{3A08A548-0367-43C5-A229-97E96715600C} = {E78AE8F9-EB49-483E-B403-BB66B8B46A98}
		{0E7378FF-AE0C-44AC-B02C-C397D3DBED84} = {177EF086-F5E5-4978-9538-5F5C2E8369F5}
		{9E828BBA-6019-4ECF-8B11-8E2F5C55A046} = {177EF086-F5E5-4978-9538-5F5C2E8369F5}
		{390454D5-53CD-49E3-BD70-BD79D681BF63} = {177EF086-F5E5-4978-9538-5F5C2E8369F5}
		{A9F200CA-0A62-4D8C-A6C8-3CAD25022757} = {177EF086-F5E5-4978-9538-5F5C2E8369F5}
		{6770D3E3-AB22-45DD-B241-2BE7F3AA3007} = {177EF086-F5E5-4978-9538-5F5C2E8369F5}
	EndGlobalSection
EndGlobal
